// !$*UTF8*$!
{
	archiveVersion = 1;
	classes = {
	};
	objectVersion = 50;
	objects = {

/* Begin PBXBuildFile section */
		049704FC24450A88001CCE79 /* BInfo.swift in Sources */ = {isa = PBXBuildFile; fileRef = 049704FB24450A87001CCE79 /* BInfo.swift */; };
		0497050024450AB3001CCE79 /* MapView.swift in Sources */ = {isa = PBXBuildFile; fileRef = 049704FF24450AB3001CCE79 /* MapView.swift */; };
		04970504244512D5001CCE79 /* BList.swift in Sources */ = {isa = PBXBuildFile; fileRef = 04970503244512D4001CCE79 /* BList.swift */; };
		072DCEFC24412595001E87D9 /* ImagePicker.swift in Sources */ = {isa = PBXBuildFile; fileRef = 072DCEFB24412595001E87D9 /* ImagePicker.swift */; };
		0742AF6F23EA33EA00462F68 /* AppDelegate.swift in Sources */ = {isa = PBXBuildFile; fileRef = 0742AF6E23EA33EA00462F68 /* AppDelegate.swift */; };
		0742AF7123EA33EA00462F68 /* SceneDelegate.swift in Sources */ = {isa = PBXBuildFile; fileRef = 0742AF7023EA33EA00462F68 /* SceneDelegate.swift */; };
		0742AF7323EA33EA00462F68 /* ContentView.swift in Sources */ = {isa = PBXBuildFile; fileRef = 0742AF7223EA33EA00462F68 /* ContentView.swift */; };
		0742AF7823EA33F200462F68 /* Preview Assets.xcassets in Resources */ = {isa = PBXBuildFile; fileRef = 0742AF7723EA33F200462F68 /* Preview Assets.xcassets */; };
		0742AF7B23EA33F200462F68 /* LaunchScreen.storyboard in Resources */ = {isa = PBXBuildFile; fileRef = 0742AF7923EA33F200462F68 /* LaunchScreen.storyboard */; };
		076FE6EB244114F7000E0CCF /* CameraHandler.swift in Sources */ = {isa = PBXBuildFile; fileRef = 076FE6EA244114F7000E0CCF /* CameraHandler.swift */; };
		133C077F24109C13006D2D49 /* LogIn.swift in Sources */ = {isa = PBXBuildFile; fileRef = 133C077E24109C13006D2D49 /* LogIn.swift */; };
		133C078124118A7F006D2D49 /* AboutMe.swift in Sources */ = {isa = PBXBuildFile; fileRef = 133C078024118A7F006D2D49 /* AboutMe.swift */; };
		133C07832416CE63006D2D49 /* WelcomePage.swift in Sources */ = {isa = PBXBuildFile; fileRef = 133C07822416CE63006D2D49 /* WelcomePage.swift */; };
		133C07852417240C006D2D49 /* Settings .swift in Sources */ = {isa = PBXBuildFile; fileRef = 133C07842417240C006D2D49 /* Settings .swift */; };
		133C0789241808D9006D2D49 /* SignUp.swift in Sources */ = {isa = PBXBuildFile; fileRef = 133C0788241808D9006D2D49 /* SignUp.swift */; };
		133C078D24183704006D2D49 /* MainMenu.swift in Sources */ = {isa = PBXBuildFile; fileRef = 133C078C24183704006D2D49 /* MainMenu.swift */; };
		133C079124183A00006D2D49 /* Assets.xcassets in Resources */ = {isa = PBXBuildFile; fileRef = 133C079024183A00006D2D49 /* Assets.xcassets */; };
		133C079324183B6B006D2D49 /* ContactUs .swift in Sources */ = {isa = PBXBuildFile; fileRef = 133C079224183B6B006D2D49 /* ContactUs .swift */; };
		134AD300244FB5BB00CB2836 /* Post.swift in Sources */ = {isa = PBXBuildFile; fileRef = 134AD2FF244FB5BB00CB2836 /* Post.swift */; };
		134AD303244FB5E600CB2836 /* Webservice.swift in Sources */ = {isa = PBXBuildFile; fileRef = 134AD302244FB5E600CB2836 /* Webservice.swift */; };
		134AD306244FBA9600CB2836 /* PostListViewModel.swift in Sources */ = {isa = PBXBuildFile; fileRef = 134AD305244FBA9600CB2836 /* PostListViewModel.swift */; };
/* End PBXBuildFile section */

/* Begin PBXFileReference section */
		049704FB24450A87001CCE79 /* BInfo.swift */ = {isa = PBXFileReference; fileEncoding = 4; lastKnownFileType = sourcecode.swift; path = BInfo.swift; sourceTree = "<group>"; };
		049704FF24450AB3001CCE79 /* MapView.swift */ = {isa = PBXFileReference; fileEncoding = 4; lastKnownFileType = sourcecode.swift; path = MapView.swift; sourceTree = "<group>"; };
		04970503244512D4001CCE79 /* BList.swift */ = {isa = PBXFileReference; fileEncoding = 4; lastKnownFileType = sourcecode.swift; path = BList.swift; sourceTree = "<group>"; };
		072DCEFB24412595001E87D9 /* ImagePicker.swift */ = {isa = PBXFileReference; lastKnownFileType = sourcecode.swift; path = ImagePicker.swift; sourceTree = "<group>"; };
		0742AF6B23EA33EA00462F68 /* UNRB.app */ = {isa = PBXFileReference; explicitFileType = wrapper.application; includeInIndex = 0; path = UNRB.app; sourceTree = BUILT_PRODUCTS_DIR; };
		0742AF6E23EA33EA00462F68 /* AppDelegate.swift */ = {isa = PBXFileReference; lastKnownFileType = sourcecode.swift; path = AppDelegate.swift; sourceTree = "<group>"; };
		0742AF7023EA33EA00462F68 /* SceneDelegate.swift */ = {isa = PBXFileReference; lastKnownFileType = sourcecode.swift; path = SceneDelegate.swift; sourceTree = "<group>"; };
		0742AF7223EA33EA00462F68 /* ContentView.swift */ = {isa = PBXFileReference; lastKnownFileType = sourcecode.swift; path = ContentView.swift; sourceTree = "<group>"; };
		0742AF7723EA33F200462F68 /* Preview Assets.xcassets */ = {isa = PBXFileReference; lastKnownFileType = folder.assetcatalog; path = "Preview Assets.xcassets"; sourceTree = "<group>"; };
		0742AF7A23EA33F200462F68 /* Base */ = {isa = PBXFileReference; lastKnownFileType = file.storyboard; name = Base; path = Base.lproj/LaunchScreen.storyboard; sourceTree = "<group>"; };
		0742AF7C23EA33F200462F68 /* Info.plist */ = {isa = PBXFileReference; lastKnownFileType = text.plist.xml; path = Info.plist; sourceTree = "<group>"; };
		076FE6EA244114F7000E0CCF /* CameraHandler.swift */ = {isa = PBXFileReference; lastKnownFileType = sourcecode.swift; path = CameraHandler.swift; sourceTree = "<group>"; };
		133C077E24109C13006D2D49 /* LogIn.swift */ = {isa = PBXFileReference; lastKnownFileType = sourcecode.swift; path = LogIn.swift; sourceTree = "<group>"; };
		133C078024118A7F006D2D49 /* AboutMe.swift */ = {isa = PBXFileReference; lastKnownFileType = sourcecode.swift; path = AboutMe.swift; sourceTree = "<group>"; };
		133C07822416CE63006D2D49 /* WelcomePage.swift */ = {isa = PBXFileReference; lastKnownFileType = sourcecode.swift; path = WelcomePage.swift; sourceTree = "<group>"; };
		133C07842417240C006D2D49 /* Settings .swift */ = {isa = PBXFileReference; lastKnownFileType = sourcecode.swift; path = "Settings .swift"; sourceTree = "<group>"; };
		133C0788241808D9006D2D49 /* SignUp.swift */ = {isa = PBXFileReference; lastKnownFileType = sourcecode.swift; path = SignUp.swift; sourceTree = "<group>"; };
		133C078C24183704006D2D49 /* MainMenu.swift */ = {isa = PBXFileReference; lastKnownFileType = sourcecode.swift; path = MainMenu.swift; sourceTree = "<group>"; };
		133C079024183A00006D2D49 /* Assets.xcassets */ = {isa = PBXFileReference; lastKnownFileType = folder.assetcatalog; name = Assets.xcassets; path = ../../../../Downloads/Assets.xcassets; sourceTree = "<group>"; };
		133C079224183B6B006D2D49 /* ContactUs .swift */ = {isa = PBXFileReference; lastKnownFileType = sourcecode.swift; path = "ContactUs .swift"; sourceTree = "<group>"; };
		134AD2FF244FB5BB00CB2836 /* Post.swift */ = {isa = PBXFileReference; lastKnownFileType = sourcecode.swift; path = Post.swift; sourceTree = SOURCE_ROOT; };
		134AD302244FB5E600CB2836 /* Webservice.swift */ = {isa = PBXFileReference; lastKnownFileType = sourcecode.swift; path = Webservice.swift; sourceTree = SOURCE_ROOT; };
		134AD305244FBA9600CB2836 /* PostListViewModel.swift */ = {isa = PBXFileReference; lastKnownFileType = sourcecode.swift; path = PostListViewModel.swift; sourceTree = SOURCE_ROOT; };
/* End PBXFileReference section */

/* Begin PBXFrameworksBuildPhase section */
		0742AF6823EA33EA00462F68 /* Frameworks */ = {
			isa = PBXFrameworksBuildPhase;
			buildActionMask = 2147483647;
			files = (
			);
			runOnlyForDeploymentPostprocessing = 0;
		};
/* End PBXFrameworksBuildPhase section */

/* Begin PBXGroup section */
		0742AF6223EA33EA00462F68 = {
			isa = PBXGroup;
			children = (
				134AD304244FBA0100CB2836 /* View Models */,
				134AD301244FB5C300CB2836 /* Services */,
				134AD2FE244FB59200CB2836 /* Models */,
				072DCEFB24412595001E87D9 /* ImagePicker.swift */,
				076FE6EA244114F7000E0CCF /* CameraHandler.swift */,
				133C079224183B6B006D2D49 /* ContactUs .swift */,
				133C078C24183704006D2D49 /* MainMenu.swift */,
				133C0788241808D9006D2D49 /* SignUp.swift */,
				133C07842417240C006D2D49 /* Settings .swift */,
				133C07822416CE63006D2D49 /* WelcomePage.swift */,
				133C078024118A7F006D2D49 /* AboutMe.swift */,
				133C077E24109C13006D2D49 /* LogIn.swift */,
				04970503244512D4001CCE79 /* BList.swift */,
				049704FB24450A87001CCE79 /* BInfo.swift */,
				049704FF24450AB3001CCE79 /* MapView.swift */,
				0742AF6D23EA33EA00462F68 /* UNRB */,
				0742AF6C23EA33EA00462F68 /* Products */,
			);
			sourceTree = "<group>";
		};
		0742AF6C23EA33EA00462F68 /* Products */ = {
			isa = PBXGroup;
			children = (
				0742AF6B23EA33EA00462F68 /* UNRB.app */,
			);
			name = Products;
			sourceTree = "<group>";
		};
		0742AF6D23EA33EA00462F68 /* UNRB */ = {
			isa = PBXGroup;
			children = (
				0742AF6E23EA33EA00462F68 /* AppDelegate.swift */,
				0742AF7023EA33EA00462F68 /* SceneDelegate.swift */,
				133C079024183A00006D2D49 /* Assets.xcassets */,
				0742AF7223EA33EA00462F68 /* ContentView.swift */,
				0742AF7C23EA33F200462F68 /* Info.plist */,
				0742AF7623EA33F200462F68 /* Preview Content */,
			);
			path = UNRB;
			sourceTree = "<group>";
		};
		0742AF7623EA33F200462F68 /* Preview Content */ = {
			isa = PBXGroup;
			children = (
				0742AF7923EA33F200462F68 /* LaunchScreen.storyboard */,
				0742AF7723EA33F200462F68 /* Preview Assets.xcassets */,
			);
			path = "Preview Content";
			sourceTree = "<group>";
		};
		134AD2FE244FB59200CB2836 /* Models */ = {
			isa = PBXGroup;
			children = (
				134AD2FF244FB5BB00CB2836 /* Post.swift */,
			);
			path = Models;
			sourceTree = "<group>";
		};
		134AD301244FB5C300CB2836 /* Services */ = {
			isa = PBXGroup;
			children = (
				134AD302244FB5E600CB2836 /* Webservice.swift */,
			);
			path = Services;
			sourceTree = "<group>";
		};
		134AD304244FBA0100CB2836 /* View Models */ = {
			isa = PBXGroup;
			children = (
				134AD305244FBA9600CB2836 /* PostListViewModel.swift */,
			);
			path = "View Models";
			sourceTree = "<group>";
		};
/* End PBXGroup section */

/* Begin PBXNativeTarget section */
		0742AF6A23EA33EA00462F68 /* UNRB */ = {
			isa = PBXNativeTarget;
			buildConfigurationList = 0742AF7F23EA33F200462F68 /* Build configuration list for PBXNativeTarget "UNRB" */;
			buildPhases = (
				0742AF6723EA33EA00462F68 /* Sources */,
				0742AF6823EA33EA00462F68 /* Frameworks */,
				0742AF6923EA33EA00462F68 /* Resources */,
			);
			buildRules = (
			);
			dependencies = (
			);
			name = UNRB;
			productName = UNRB;
			productReference = 0742AF6B23EA33EA00462F68 /* UNRB.app */;
			productType = "com.apple.product-type.application";
		};
/* End PBXNativeTarget section */

/* Begin PBXProject section */
		0742AF6323EA33EA00462F68 /* Project object */ = {
			isa = PBXProject;
			attributes = {
				LastSwiftUpdateCheck = 1130;
				LastUpgradeCheck = 1130;
				ORGANIZATIONNAME = "Carlos Varela";
				TargetAttributes = {
					0742AF6A23EA33EA00462F68 = {
						CreatedOnToolsVersion = 11.3.1;
					};
				};
			};
			buildConfigurationList = 0742AF6623EA33EA00462F68 /* Build configuration list for PBXProject "UNRB" */;
			compatibilityVersion = "Xcode 9.3";
			developmentRegion = en;
			hasScannedForEncodings = 0;
			knownRegions = (
				en,
				Base,
			);
			mainGroup = 0742AF6223EA33EA00462F68;
			productRefGroup = 0742AF6C23EA33EA00462F68 /* Products */;
			projectDirPath = "";
			projectRoot = "";
			targets = (
				0742AF6A23EA33EA00462F68 /* UNRB */,
			);
		};
/* End PBXProject section */

/* Begin PBXResourcesBuildPhase section */
		0742AF6923EA33EA00462F68 /* Resources */ = {
			isa = PBXResourcesBuildPhase;
			buildActionMask = 2147483647;
			files = (
				0742AF7B23EA33F200462F68 /* LaunchScreen.storyboard in Resources */,
				133C079124183A00006D2D49 /* Assets.xcassets in Resources */,
				0742AF7823EA33F200462F68 /* Preview Assets.xcassets in Resources */,
			);
			runOnlyForDeploymentPostprocessing = 0;
		};
/* End PBXResourcesBuildPhase section */

/* Begin PBXSourcesBuildPhase section */
		0742AF6723EA33EA00462F68 /* Sources */ = {
			isa = PBXSourcesBuildPhase;
			buildActionMask = 2147483647;
			files = (
				072DCEFC24412595001E87D9 /* ImagePicker.swift in Sources */,
				0497050024450AB3001CCE79 /* MapView.swift in Sources */,
				134AD306244FBA9600CB2836 /* PostListViewModel.swift in Sources */,
				133C07852417240C006D2D49 /* Settings .swift in Sources */,
				0742AF6F23EA33EA00462F68 /* AppDelegate.swift in Sources */,
				04970504244512D5001CCE79 /* BList.swift in Sources */,
				133C078124118A7F006D2D49 /* AboutMe.swift in Sources */,
				049704FC24450A88001CCE79 /* BInfo.swift in Sources */,
				0742AF7123EA33EA00462F68 /* SceneDelegate.swift in Sources */,
				133C078D24183704006D2D49 /* MainMenu.swift in Sources */,
				133C07832416CE63006D2D49 /* WelcomePage.swift in Sources */,
				0742AF7323EA33EA00462F68 /* ContentView.swift in Sources */,
				134AD300244FB5BB00CB2836 /* Post.swift in Sources */,
				133C079324183B6B006D2D49 /* ContactUs .swift in Sources */,
				076FE6EB244114F7000E0CCF /* CameraHandler.swift in Sources */,
				133C0789241808D9006D2D49 /* SignUp.swift in Sources */,
				133C077F24109C13006D2D49 /* LogIn.swift in Sources */,
				134AD303244FB5E600CB2836 /* Webservice.swift in Sources */,
			);
			runOnlyForDeploymentPostprocessing = 0;
		};
/* End PBXSourcesBuildPhase section */

/* Begin PBXVariantGroup section */
		0742AF7923EA33F200462F68 /* LaunchScreen.storyboard */ = {
			isa = PBXVariantGroup;
			children = (
				0742AF7A23EA33F200462F68 /* Base */,
			);
			name = LaunchScreen.storyboard;
			sourceTree = "<group>";
		};
/* End PBXVariantGroup section */

/* Begin XCBuildConfiguration section */
		0742AF7D23EA33F200462F68 /* Debug */ = {
			isa = XCBuildConfiguration;
			buildSettings = {
				ALWAYS_SEARCH_USER_PATHS = NO;
				CLANG_ANALYZER_NONNULL = YES;
				CLANG_ANALYZER_NUMBER_OBJECT_CONVERSION = YES_AGGRESSIVE;
				CLANG_CXX_LANGUAGE_STANDARD = "gnu++14";
				CLANG_CXX_LIBRARY = "libc++";
				CLANG_ENABLE_MODULES = YES;
				CLANG_ENABLE_OBJC_ARC = YES;
				CLANG_ENABLE_OBJC_WEAK = YES;
				CLANG_WARN_BLOCK_CAPTURE_AUTORELEASING = YES;
				CLANG_WARN_BOOL_CONVERSION = YES;
				CLANG_WARN_COMMA = YES;
				CLANG_WARN_CONSTANT_CONVERSION = YES;
				CLANG_WARN_DEPRECATED_OBJC_IMPLEMENTATIONS = YES;
				CLANG_WARN_DIRECT_OBJC_ISA_USAGE = YES_ERROR;
				CLANG_WARN_DOCUMENTATION_COMMENTS = YES;
				CLANG_WARN_EMPTY_BODY = YES;
				CLANG_WARN_ENUM_CONVERSION = YES;
				CLANG_WARN_INFINITE_RECURSION = YES;
				CLANG_WARN_INT_CONVERSION = YES;
				CLANG_WARN_NON_LITERAL_NULL_CONVERSION = YES;
				CLANG_WARN_OBJC_IMPLICIT_RETAIN_SELF = YES;
				CLANG_WARN_OBJC_LITERAL_CONVERSION = YES;
				CLANG_WARN_OBJC_ROOT_CLASS = YES_ERROR;
				CLANG_WARN_RANGE_LOOP_ANALYSIS = YES;
				CLANG_WARN_STRICT_PROTOTYPES = YES;
				CLANG_WARN_SUSPICIOUS_MOVE = YES;
				CLANG_WARN_UNGUARDED_AVAILABILITY = YES_AGGRESSIVE;
				CLANG_WARN_UNREACHABLE_CODE = YES;
				CLANG_WARN__DUPLICATE_METHOD_MATCH = YES;
				COPY_PHASE_STRIP = NO;
				DEBUG_INFORMATION_FORMAT = dwarf;
				ENABLE_STRICT_OBJC_MSGSEND = YES;
				ENABLE_TESTABILITY = YES;
				GCC_C_LANGUAGE_STANDARD = gnu11;
				GCC_DYNAMIC_NO_PIC = NO;
				GCC_NO_COMMON_BLOCKS = YES;
				GCC_OPTIMIZATION_LEVEL = 0;
				GCC_PREPROCESSOR_DEFINITIONS = (
					"DEBUG=1",
					"$(inherited)",
				);
				GCC_WARN_64_TO_32_BIT_CONVERSION = YES;
				GCC_WARN_ABOUT_RETURN_TYPE = YES_ERROR;
				GCC_WARN_UNDECLARED_SELECTOR = YES;
				GCC_WARN_UNINITIALIZED_AUTOS = YES_AGGRESSIVE;
				GCC_WARN_UNUSED_FUNCTION = YES;
				GCC_WARN_UNUSED_VARIABLE = YES;
				IPHONEOS_DEPLOYMENT_TARGET = 13.2;
				MTL_ENABLE_DEBUG_INFO = INCLUDE_SOURCE;
				MTL_FAST_MATH = YES;
				ONLY_ACTIVE_ARCH = YES;
				SDKROOT = iphoneos;
				SWIFT_ACTIVE_COMPILATION_CONDITIONS = DEBUG;
				SWIFT_OPTIMIZATION_LEVEL = "-Onone";
			};
			name = Debug;
		};
		0742AF7E23EA33F200462F68 /* Release */ = {
			isa = XCBuildConfiguration;
			buildSettings = {
				ALWAYS_SEARCH_USER_PATHS = NO;
				CLANG_ANALYZER_NONNULL = YES;
				CLANG_ANALYZER_NUMBER_OBJECT_CONVERSION = YES_AGGRESSIVE;
				CLANG_CXX_LANGUAGE_STANDARD = "gnu++14";
				CLANG_CXX_LIBRARY = "libc++";
				CLANG_ENABLE_MODULES = YES;
				CLANG_ENABLE_OBJC_ARC = YES;
				CLANG_ENABLE_OBJC_WEAK = YES;
				CLANG_WARN_BLOCK_CAPTURE_AUTORELEASING = YES;
				CLANG_WARN_BOOL_CONVERSION = YES;
				CLANG_WARN_COMMA = YES;
				CLANG_WARN_CONSTANT_CONVERSION = YES;
				CLANG_WARN_DEPRECATED_OBJC_IMPLEMENTATIONS = YES;
				CLANG_WARN_DIRECT_OBJC_ISA_USAGE = YES_ERROR;
				CLANG_WARN_DOCUMENTATION_COMMENTS = YES;
				CLANG_WARN_EMPTY_BODY = YES;
				CLANG_WARN_ENUM_CONVERSION = YES;
				CLANG_WARN_INFINITE_RECURSION = YES;
				CLANG_WARN_INT_CONVERSION = YES;
				CLANG_WARN_NON_LITERAL_NULL_CONVERSION = YES;
				CLANG_WARN_OBJC_IMPLICIT_RETAIN_SELF = YES;
				CLANG_WARN_OBJC_LITERAL_CONVERSION = YES;
				CLANG_WARN_OBJC_ROOT_CLASS = YES_ERROR;
				CLANG_WARN_RANGE_LOOP_ANALYSIS = YES;
				CLANG_WARN_STRICT_PROTOTYPES = YES;
				CLANG_WARN_SUSPICIOUS_MOVE = YES;
				CLANG_WARN_UNGUARDED_AVAILABILITY = YES_AGGRESSIVE;
				CLANG_WARN_UNREACHABLE_CODE = YES;
				CLANG_WARN__DUPLICATE_METHOD_MATCH = YES;
				COPY_PHASE_STRIP = NO;
				DEBUG_INFORMATION_FORMAT = "dwarf-with-dsym";
				ENABLE_NS_ASSERTIONS = NO;
				ENABLE_STRICT_OBJC_MSGSEND = YES;
				GCC_C_LANGUAGE_STANDARD = gnu11;
				GCC_NO_COMMON_BLOCKS = YES;
				GCC_WARN_64_TO_32_BIT_CONVERSION = YES;
				GCC_WARN_ABOUT_RETURN_TYPE = YES_ERROR;
				GCC_WARN_UNDECLARED_SELECTOR = YES;
				GCC_WARN_UNINITIALIZED_AUTOS = YES_AGGRESSIVE;
				GCC_WARN_UNUSED_FUNCTION = YES;
				GCC_WARN_UNUSED_VARIABLE = YES;
				IPHONEOS_DEPLOYMENT_TARGET = 13.2;
				MTL_ENABLE_DEBUG_INFO = NO;
				MTL_FAST_MATH = YES;
				SDKROOT = iphoneos;
				SWIFT_COMPILATION_MODE = wholemodule;
				SWIFT_OPTIMIZATION_LEVEL = "-O";
				VALIDATE_PRODUCT = YES;
			};
			name = Release;
		};
		0742AF8023EA33F200462F68 /* Debug */ = {
			isa = XCBuildConfiguration;
			buildSettings = {
				ASSETCATALOG_COMPILER_APPICON_NAME = AppIcon;
				CODE_SIGN_STYLE = Automatic;
				DEVELOPMENT_ASSET_PATHS = "\"UNRB/Preview Content\"";
				DEVELOPMENT_TEAM = ZWZAKAFUKT;
				ENABLE_PREVIEWS = YES;
				INFOPLIST_FILE = UNRB/Info.plist;
				IPHONEOS_DEPLOYMENT_TARGET = 13.1;
				LD_RUNPATH_SEARCH_PATHS = (
					"$(inherited)",
					"@executable_path/Frameworks",
				);
				PRODUCT_BUNDLE_IDENTIFIER = com.carlos.UNRB;
				PRODUCT_NAME = "$(TARGET_NAME)";
				SWIFT_VERSION = 5.0;
				TARGETED_DEVICE_FAMILY = "1,2";
			};
			name = Debug;
		};
		0742AF8123EA33F200462F68 /* Release */ = {
			isa = XCBuildConfiguration;
			buildSettings = {
				ASSETCATALOG_COMPILER_APPICON_NAME = AppIcon;
				CODE_SIGN_STYLE = Automatic;
				DEVELOPMENT_ASSET_PATHS = "\"UNRB/Preview Content\"";
				DEVELOPMENT_TEAM = ZWZAKAFUKT;
				ENABLE_PREVIEWS = YES;
				INFOPLIST_FILE = UNRB/Info.plist;
				IPHONEOS_DEPLOYMENT_TARGET = 13.1;
				LD_RUNPATH_SEARCH_PATHS = (
					"$(inherited)",
					"@executable_path/Frameworks",
				);
				PRODUCT_BUNDLE_IDENTIFIER = com.carlos.UNRB;
				PRODUCT_NAME = "$(TARGET_NAME)";
				SWIFT_VERSION = 5.0;
				TARGETED_DEVICE_FAMILY = "1,2";
			};
			name = Release;
		};
/* End XCBuildConfiguration section */

/* Begin XCConfigurationList section */
		0742AF6623EA33EA00462F68 /* Build configuration list for PBXProject "UNRB" */ = {
			isa = XCConfigurationList;
			buildConfigurations = (
				0742AF7D23EA33F200462F68 /* Debug */,
				0742AF7E23EA33F200462F68 /* Release */,
			);
			defaultConfigurationIsVisible = 0;
			defaultConfigurationName = Release;
		};
		0742AF7F23EA33F200462F68 /* Build configuration list for PBXNativeTarget "UNRB" */ = {
			isa = XCConfigurationList;
			buildConfigurations = (
				0742AF8023EA33F200462F68 /* Debug */,
				0742AF8123EA33F200462F68 /* Release */,
			);
			defaultConfigurationIsVisible = 0;
			defaultConfigurationName = Release;
		};
/* End XCConfigurationList section */
	};
	rootObject = 0742AF6323EA33EA00462F68 /* Project object */;
}
